
Microsoft Visual Studio Solution File, Format Version 12.00
# Visual Studio 2012
Project("{FAE04EC0-301F-11D3-BF4B-00C04F79EFBC}") = "NetMiddlemanServer", "NetMiddlemanServer\NetMiddlemanServer.csproj", "{1F5ACEEB-EA66-42E1-9464-DEB4C2AA78EA}"
EndProject
Project("{FAE04EC0-301F-11D3-BF4B-00C04F79EFBC}") = "NetMiddlemanClient", "NetMiddlemanClient\NetMiddlemanClient.csproj", "{45919A96-2286-46E0-80F3-ABB8328E83B4}"
EndProject
Global
	GlobalSection(SolutionConfigurationPlatforms) = preSolution
		Debug|Any CPU = Debug|Any CPU
		Release|Any CPU = Release|Any CPU
	EndGlobalSection
	GlobalSection(ProjectConfigurationPlatforms) = postSolution
		{1F5ACEEB-EA66-42E1-9464-DEB4C2AA78EA}.Debug|Any CPU.ActiveCfg = Debug|Any CPU
		{1F5ACEEB-EA66-42E1-9464-DEB4C2AA78EA}.Debug|Any CPU.Build.0 = Debug|Any CPU
		{1F5ACEEB-EA66-42E1-9464-DEB4C2AA78EA}.Release|Any CPU.ActiveCfg = Release|Any CPU
		{1F5ACEEB-EA66-42E1-9464-DEB4C2AA78EA}.Release|Any CPU.Build.0 = Release|Any CPU
		{45919A96-2286-46E0-80F3-ABB8328E83B4}.Debug|Any CPU.ActiveCfg = Debug|Any CPU
		{45919A96-2286-46E0-80F3-ABB8328E83B4}.Debug|Any CPU.Build.0 = Debug|Any CPU
		{45919A96-2286-46E0-80F3-ABB8328E83B4}.Release|Any CPU.ActiveCfg = Release|Any CPU
		{45919A96-2286-46E0-80F3-ABB8328E83B4}.Release|Any CPU.Build.0 = Release|Any CPU
	EndGlobalSection
	GlobalSection(SolutionProperties) = preSolution
		HideSolutionNode = FALSE
	EndGlobalSection
EndGlobal
